
Microsoft Visual Studio Solution File, Format Version 12.00
# Visual Studio Version 17
VisualStudioVersion = 17.9.34607.119
MinimumVisualStudioVersion = 10.0.40219.1
Project("{888888A0-9F3D-457C-B088-3A5042F75D52}") = "КурсВалют", "КурсВалют.pyproj", "{5F3807AF-F9E2-4B38-A466-2B87053CF91C}"
EndProject
Global
	GlobalSection(SolutionConfigurationPlatforms) = preSolution
		Debug|Any CPU = Debug|Any CPU
		Release|Any CPU = Release|Any CPU
	EndGlobalSection
	GlobalSection(ProjectConfigurationPlatforms) = postSolution
		{5F3807AF-F9E2-4B38-A466-2B87053CF91C}.Debug|Any CPU.ActiveCfg = Debug|Any CPU
		{5F3807AF-F9E2-4B38-A466-2B87053CF91C}.Release|Any CPU.ActiveCfg = Release|Any CPU
	EndGlobalSection
	GlobalSection(SolutionProperties) = preSolution
		HideSolutionNode = FALSE
	EndGlobalSection
	GlobalSection(ExtensibilityGlobals) = postSolution
		SolutionGuid = {B0E19EB2-BAFA-4237-A8C3-BFCE08B6AB04}
	EndGlobalSection
EndGlobal
